
Microsoft Visual Studio Solution File, Format Version 10.00
# Visual Studio 2008
Project("{FAE04EC0-301F-11D3-BF4B-00C04F79EFBC}") = "highchart_export_module_asp_net", "highchart_export_module_asp_net\highchart_export_module_asp_net.csproj", "{516F07BD-9E26-4050-AD00-23B6C9F4EBA4}"
EndProject
Global
	GlobalSection(SolutionConfigurationPlatforms) = preSolution
		Debug|Any CPU = Debug|Any CPU
		Release|Any CPU = Release|Any CPU
	EndGlobalSection
	GlobalSection(ProjectConfigurationPlatforms) = postSolution
		{516F07BD-9E26-4050-AD00-23B6C9F4EBA4}.Debug|Any CPU.ActiveCfg = Debug|Any CPU
		{516F07BD-9E26-4050-AD00-23B6C9F4EBA4}.Debug|Any CPU.Build.0 = Debug|Any CPU
		{516F07BD-9E26-4050-AD00-23B6C9F4EBA4}.Release|Any CPU.ActiveCfg = Release|Any CPU
		{516F07BD-9E26-4050-AD00-23B6C9F4EBA4}.Release|Any CPU.Build.0 = Release|Any CPU
	EndGlobalSection
	GlobalSection(SolutionProperties) = preSolution
		HideSolutionNode = FALSE
	EndGlobalSection
EndGlobal
